
Microsoft Visual Studio Solution File, Format Version 12.00
# Visual Studio 15
VisualStudioVersion = 15.0.28010.2026
MinimumVisualStudioVersion = 10.0.40219.1
Project("{FAE04EC0-301F-11D3-BF4B-00C04F79EFBC}") = "BookService", "BookService\BookService.csproj", "{6C852C6A-C677-4EB1-854E-CA5F51D00D68}"
EndProject
Global
	GlobalSection(SolutionConfigurationPlatforms) = preSolution
		Debug|Any CPU = Debug|Any CPU
		Release|Any CPU = Release|Any CPU
	EndGlobalSection
	GlobalSection(ProjectConfigurationPlatforms) = postSolution
		{6C852C6A-C677-4EB1-854E-CA5F51D00D68}.Debug|Any CPU.ActiveCfg = Debug|Any CPU
		{6C852C6A-C677-4EB1-854E-CA5F51D00D68}.Debug|Any CPU.Build.0 = Debug|Any CPU
		{6C852C6A-C677-4EB1-854E-CA5F51D00D68}.Release|Any CPU.ActiveCfg = Release|Any CPU
		{6C852C6A-C677-4EB1-854E-CA5F51D00D68}.Release|Any CPU.Build.0 = Release|Any CPU
	EndGlobalSection
	GlobalSection(SolutionProperties) = preSolution
		HideSolutionNode = FALSE
	EndGlobalSection
	GlobalSection(ExtensibilityGlobals) = postSolution
		SolutionGuid = {116FE03C-E2E1-4CBF-991F-8412A7BB5A2D}
	EndGlobalSection
EndGlobal
